
Microsoft Visual Studio Solution File, Format Version 12.00
# Visual Studio Version 16
VisualStudioVersion = 16.0.29318.209
MinimumVisualStudioVersion = 10.0.40219.1
Project("{FAE04EC0-301F-11D3-BF4B-00C04F79EFBC}") = "Russianbullet", "Russianbullet\Russianbullet.csproj", "{3EEBFE78-7B60-41E3-A64D-B054717741F5}"
EndProject
Project("{FAE04EC0-301F-11D3-BF4B-00C04F79EFBC}") = "UnitTest", "UnitTest\UnitTest.csproj", "{C62E89D0-4275-4884-9DC4-348BF54F9BA6}"
EndProject
Global
	GlobalSection(SolutionConfigurationPlatforms) = preSolution
		Debug|Any CPU = Debug|Any CPU
		Release|Any CPU = Release|Any CPU
	EndGlobalSection
	GlobalSection(ProjectConfigurationPlatforms) = postSolution
		{3EEBFE78-7B60-41E3-A64D-B054717741F5}.Debug|Any CPU.ActiveCfg = Debug|Any CPU
		{3EEBFE78-7B60-41E3-A64D-B054717741F5}.Debug|Any CPU.Build.0 = Debug|Any CPU
		{3EEBFE78-7B60-41E3-A64D-B054717741F5}.Release|Any CPU.ActiveCfg = Release|Any CPU
		{3EEBFE78-7B60-41E3-A64D-B054717741F5}.Release|Any CPU.Build.0 = Release|Any CPU
		{C62E89D0-4275-4884-9DC4-348BF54F9BA6}.Debug|Any CPU.ActiveCfg = Debug|Any CPU
		{C62E89D0-4275-4884-9DC4-348BF54F9BA6}.Debug|Any CPU.Build.0 = Debug|Any CPU
		{C62E89D0-4275-4884-9DC4-348BF54F9BA6}.Release|Any CPU.ActiveCfg = Release|Any CPU
		{C62E89D0-4275-4884-9DC4-348BF54F9BA6}.Release|Any CPU.Build.0 = Release|Any CPU
	EndGlobalSection
	GlobalSection(SolutionProperties) = preSolution
		HideSolutionNode = FALSE
	EndGlobalSection
	GlobalSection(ExtensibilityGlobals) = postSolution
		SolutionGuid = {64A1FF41-CBCF-4080-9181-BB37FB051E43}
	EndGlobalSection
EndGlobal
